// !$*UTF8*$!
{
	archiveVersion = 1;
	classes = {
	};
	objectVersion = 46;
	objects = {

/* Begin PBXAggregateTarget section */
		"WiFiMobileConfig::WiFiMobileConfigPackageTests::ProductTarget" /* WiFiMobileConfigPackageTests */ = {
			isa = PBXAggregateTarget;
			buildConfigurationList = OBJ_125 /* Build configuration list for PBXAggregateTarget "WiFiMobileConfigPackageTests" */;
			buildPhases = (
			);
			dependencies = (
				OBJ_128 /* PBXTargetDependency */,
			);
			name = WiFiMobileConfigPackageTests;
			productName = WiFiMobileConfigPackageTests;
		};
/* End PBXAggregateTarget section */

/* Begin PBXBuildFile section */
		F1753EE42285F2DF00F06168 /* SimpleDistributionServerInstaller.swift in Sources */ = {isa = PBXBuildFile; fileRef = F1753EE12285F0C300F06168 /* SimpleDistributionServerInstaller.swift */; };
		F1753EE62285F68A00F06168 /* CommandLineInstaller.swift in Sources */ = {isa = PBXBuildFile; fileRef = F1753EE52285F68A00F06168 /* CommandLineInstaller.swift */; };
		F1753EE82285F9BA00F06168 /* DistributionServerInstaller.swift in Sources */ = {isa = PBXBuildFile; fileRef = F1753EE72285F9BA00F06168 /* DistributionServerInstaller.swift */; };
		OBJ_100 /* Certificate.swift in Sources */ = {isa = PBXBuildFile; fileRef = OBJ_10 /* Certificate.swift */; };
		OBJ_101 /* EAPClientConfig.swift in Sources */ = {isa = PBXBuildFile; fileRef = OBJ_11 /* EAPClientConfig.swift */; };
		OBJ_102 /* Installer.swift in Sources */ = {isa = PBXBuildFile; fileRef = OBJ_13 /* Installer.swift */; };
		OBJ_103 /* MIMEType.swift in Sources */ = {isa = PBXBuildFile; fileRef = OBJ_14 /* MIMEType.swift */; };
		OBJ_104 /* MobileConfig.swift in Sources */ = {isa = PBXBuildFile; fileRef = OBJ_15 /* MobileConfig.swift */; };
		OBJ_105 /* Password+validate.swift in Sources */ = {isa = PBXBuildFile; fileRef = OBJ_16 /* Password+validate.swift */; };
		OBJ_106 /* Password.swift in Sources */ = {isa = PBXBuildFile; fileRef = OBJ_17 /* Password.swift */; };
		OBJ_107 /* PlistDocument.swift in Sources */ = {isa = PBXBuildFile; fileRef = OBJ_18 /* PlistDocument.swift */; };
		OBJ_108 /* PlistSerializable.swift in Sources */ = {isa = PBXBuildFile; fileRef = OBJ_19 /* PlistSerializable.swift */; };
		OBJ_109 /* SSID+validate.swift in Sources */ = {isa = PBXBuildFile; fileRef = OBJ_20 /* SSID+validate.swift */; };
		OBJ_110 /* SSID.swift in Sources */ = {isa = PBXBuildFile; fileRef = OBJ_21 /* SSID.swift */; };
		OBJ_111 /* Username+validate.swift in Sources */ = {isa = PBXBuildFile; fileRef = OBJ_22 /* Username+validate.swift */; };
		OBJ_112 /* Username.swift in Sources */ = {isa = PBXBuildFile; fileRef = OBJ_23 /* Username.swift */; };
		OBJ_113 /* ValidationResult.swift in Sources */ = {isa = PBXBuildFile; fileRef = OBJ_24 /* ValidationResult.swift */; };
		OBJ_114 /* WiFiConfig.swift in Sources */ = {isa = PBXBuildFile; fileRef = OBJ_25 /* WiFiConfig.swift */; };
		OBJ_116 /* Swifter.framework in Frameworks */ = {isa = PBXBuildFile; fileRef = "Swifter::Swifter::Product" /* Swifter.framework */; };
		OBJ_123 /* Package.swift in Sources */ = {isa = PBXBuildFile; fileRef = OBJ_6 /* Package.swift */; };
		OBJ_134 /* MobileConfigTests.swift in Sources */ = {isa = PBXBuildFile; fileRef = OBJ_30 /* MobileConfigTests.swift */; };
		OBJ_135 /* PlistDocumentTests.swift in Sources */ = {isa = PBXBuildFile; fileRef = OBJ_31 /* PlistDocumentTests.swift */; };
		OBJ_137 /* WiFiMobileConfig.framework in Frameworks */ = {isa = PBXBuildFile; fileRef = "WiFiMobileConfig::WiFiMobileConfig::Product" /* WiFiMobileConfig.framework */; };
		OBJ_138 /* Swifter.framework in Frameworks */ = {isa = PBXBuildFile; fileRef = "Swifter::Swifter::Product" /* Swifter.framework */; };
		OBJ_68 /* DemoServer.swift in Sources */ = {isa = PBXBuildFile; fileRef = OBJ_36 /* DemoServer.swift */; };
		OBJ_69 /* Errno.swift in Sources */ = {isa = PBXBuildFile; fileRef = OBJ_37 /* Errno.swift */; };
		OBJ_70 /* Files.swift in Sources */ = {isa = PBXBuildFile; fileRef = OBJ_38 /* Files.swift */; };
		OBJ_71 /* HttpParser.swift in Sources */ = {isa = PBXBuildFile; fileRef = OBJ_39 /* HttpParser.swift */; };
		OBJ_72 /* HttpRequest.swift in Sources */ = {isa = PBXBuildFile; fileRef = OBJ_40 /* HttpRequest.swift */; };
		OBJ_73 /* HttpResponse.swift in Sources */ = {isa = PBXBuildFile; fileRef = OBJ_41 /* HttpResponse.swift */; };
		OBJ_74 /* HttpRouter.swift in Sources */ = {isa = PBXBuildFile; fileRef = OBJ_42 /* HttpRouter.swift */; };
		OBJ_75 /* HttpServer.swift in Sources */ = {isa = PBXBuildFile; fileRef = OBJ_43 /* HttpServer.swift */; };
		OBJ_76 /* HttpServerIO.swift in Sources */ = {isa = PBXBuildFile; fileRef = OBJ_44 /* HttpServerIO.swift */; };
		OBJ_77 /* MimeTypes.swift in Sources */ = {isa = PBXBuildFile; fileRef = OBJ_45 /* MimeTypes.swift */; };
		OBJ_78 /* Process.swift in Sources */ = {isa = PBXBuildFile; fileRef = OBJ_46 /* Process.swift */; };
		OBJ_79 /* Scopes.swift in Sources */ = {isa = PBXBuildFile; fileRef = OBJ_47 /* Scopes.swift */; };
		OBJ_80 /* Socket+File.swift in Sources */ = {isa = PBXBuildFile; fileRef = OBJ_48 /* Socket+File.swift */; };
		OBJ_81 /* Socket+Server.swift in Sources */ = {isa = PBXBuildFile; fileRef = OBJ_49 /* Socket+Server.swift */; };
		OBJ_82 /* Socket.swift in Sources */ = {isa = PBXBuildFile; fileRef = OBJ_50 /* Socket.swift */; };
		OBJ_83 /* String+BASE64.swift in Sources */ = {isa = PBXBuildFile; fileRef = OBJ_51 /* String+BASE64.swift */; };
		OBJ_84 /* String+File.swift in Sources */ = {isa = PBXBuildFile; fileRef = OBJ_52 /* String+File.swift */; };
		OBJ_85 /* String+Misc.swift in Sources */ = {isa = PBXBuildFile; fileRef = OBJ_53 /* String+Misc.swift */; };
		OBJ_86 /* String+SHA1.swift in Sources */ = {isa = PBXBuildFile; fileRef = OBJ_54 /* String+SHA1.swift */; };
		OBJ_87 /* WebSockets.swift in Sources */ = {isa = PBXBuildFile; fileRef = OBJ_55 /* WebSockets.swift */; };
		OBJ_94 /* Package.swift in Sources */ = {isa = PBXBuildFile; fileRef = OBJ_56 /* Package.swift */; };
/* End PBXBuildFile section */

/* Begin PBXContainerItemProxy section */
		F1753EDE2285F0BB00F06168 /* PBXContainerItemProxy */ = {
			isa = PBXContainerItemProxy;
			containerPortal = OBJ_1 /* Project object */;
			proxyType = 1;
			remoteGlobalIDString = "Swifter::Swifter";
			remoteInfo = Swifter;
		};
		F1753EDF2285F0BB00F06168 /* PBXContainerItemProxy */ = {
			isa = PBXContainerItemProxy;
			containerPortal = OBJ_1 /* Project object */;
			proxyType = 1;
			remoteGlobalIDString = "WiFiMobileConfig::WiFiMobileConfig";
			remoteInfo = WiFiMobileConfig;
		};
		F1753EE02285F0BB00F06168 /* PBXContainerItemProxy */ = {
			isa = PBXContainerItemProxy;
			containerPortal = OBJ_1 /* Project object */;
			proxyType = 1;
			remoteGlobalIDString = "Swifter::Swifter";
			remoteInfo = Swifter;
		};
		F1753EE32285F0C300F06168 /* PBXContainerItemProxy */ = {
			isa = PBXContainerItemProxy;
			containerPortal = OBJ_1 /* Project object */;
			proxyType = 1;
			remoteGlobalIDString = "WiFiMobileConfig::WiFiMobileConfigTests";
			remoteInfo = WiFiMobileConfigTests;
		};
/* End PBXContainerItemProxy section */

/* Begin PBXFileReference section */
		F1753EE12285F0C300F06168 /* SimpleDistributionServerInstaller.swift */ = {isa = PBXFileReference; fileEncoding = 4; lastKnownFileType = sourcecode.swift; path = SimpleDistributionServerInstaller.swift; sourceTree = "<group>"; };
		F1753EE52285F68A00F06168 /* CommandLineInstaller.swift */ = {isa = PBXFileReference; lastKnownFileType = sourcecode.swift; path = CommandLineInstaller.swift; sourceTree = "<group>"; };
		F1753EE72285F9BA00F06168 /* DistributionServerInstaller.swift */ = {isa = PBXFileReference; lastKnownFileType = sourcecode.swift; path = DistributionServerInstaller.swift; sourceTree = "<group>"; };
		OBJ_10 /* Certificate.swift */ = {isa = PBXFileReference; lastKnownFileType = sourcecode.swift; path = Certificate.swift; sourceTree = "<group>"; };
		OBJ_11 /* EAPClientConfig.swift */ = {isa = PBXFileReference; lastKnownFileType = sourcecode.swift; path = EAPClientConfig.swift; sourceTree = "<group>"; };
		OBJ_13 /* Installer.swift */ = {isa = PBXFileReference; lastKnownFileType = sourcecode.swift; path = Installer.swift; sourceTree = "<group>"; };
		OBJ_14 /* MIMEType.swift */ = {isa = PBXFileReference; lastKnownFileType = sourcecode.swift; path = MIMEType.swift; sourceTree = "<group>"; };
		OBJ_15 /* MobileConfig.swift */ = {isa = PBXFileReference; lastKnownFileType = sourcecode.swift; path = MobileConfig.swift; sourceTree = "<group>"; };
		OBJ_16 /* Password+validate.swift */ = {isa = PBXFileReference; lastKnownFileType = sourcecode.swift; path = "Password+validate.swift"; sourceTree = "<group>"; };
		OBJ_17 /* Password.swift */ = {isa = PBXFileReference; lastKnownFileType = sourcecode.swift; path = Password.swift; sourceTree = "<group>"; };
		OBJ_18 /* PlistDocument.swift */ = {isa = PBXFileReference; lastKnownFileType = sourcecode.swift; path = PlistDocument.swift; sourceTree = "<group>"; };
		OBJ_19 /* PlistSerializable.swift */ = {isa = PBXFileReference; lastKnownFileType = sourcecode.swift; path = PlistSerializable.swift; sourceTree = "<group>"; };
		OBJ_20 /* SSID+validate.swift */ = {isa = PBXFileReference; lastKnownFileType = sourcecode.swift; path = "SSID+validate.swift"; sourceTree = "<group>"; };
		OBJ_21 /* SSID.swift */ = {isa = PBXFileReference; lastKnownFileType = sourcecode.swift; path = SSID.swift; sourceTree = "<group>"; };
		OBJ_22 /* Username+validate.swift */ = {isa = PBXFileReference; lastKnownFileType = sourcecode.swift; path = "Username+validate.swift"; sourceTree = "<group>"; };
		OBJ_23 /* Username.swift */ = {isa = PBXFileReference; lastKnownFileType = sourcecode.swift; path = Username.swift; sourceTree = "<group>"; };
		OBJ_24 /* ValidationResult.swift */ = {isa = PBXFileReference; lastKnownFileType = sourcecode.swift; path = ValidationResult.swift; sourceTree = "<group>"; };
		OBJ_25 /* WiFiConfig.swift */ = {isa = PBXFileReference; lastKnownFileType = sourcecode.swift; path = WiFiConfig.swift; sourceTree = "<group>"; };
		OBJ_28 /* wpaeapconfig.plist */ = {isa = PBXFileReference; lastKnownFileType = text.plist.xml; path = wpaeapconfig.plist; sourceTree = "<group>"; };
		OBJ_29 /* wpaconfig.plist */ = {isa = PBXFileReference; lastKnownFileType = text.plist.xml; path = wpaconfig.plist; sourceTree = "<group>"; };
		OBJ_30 /* MobileConfigTests.swift */ = {isa = PBXFileReference; lastKnownFileType = sourcecode.swift; path = MobileConfigTests.swift; sourceTree = "<group>"; };
		OBJ_31 /* PlistDocumentTests.swift */ = {isa = PBXFileReference; lastKnownFileType = sourcecode.swift; path = PlistDocumentTests.swift; sourceTree = "<group>"; };
		OBJ_36 /* DemoServer.swift */ = {isa = PBXFileReference; lastKnownFileType = sourcecode.swift; path = DemoServer.swift; sourceTree = "<group>"; };
		OBJ_37 /* Errno.swift */ = {isa = PBXFileReference; lastKnownFileType = sourcecode.swift; path = Errno.swift; sourceTree = "<group>"; };
		OBJ_38 /* Files.swift */ = {isa = PBXFileReference; lastKnownFileType = sourcecode.swift; path = Files.swift; sourceTree = "<group>"; };
		OBJ_39 /* HttpParser.swift */ = {isa = PBXFileReference; lastKnownFileType = sourcecode.swift; path = HttpParser.swift; sourceTree = "<group>"; };
		OBJ_40 /* HttpRequest.swift */ = {isa = PBXFileReference; lastKnownFileType = sourcecode.swift; path = HttpRequest.swift; sourceTree = "<group>"; };
		OBJ_41 /* HttpResponse.swift */ = {isa = PBXFileReference; lastKnownFileType = sourcecode.swift; path = HttpResponse.swift; sourceTree = "<group>"; };
		OBJ_42 /* HttpRouter.swift */ = {isa = PBXFileReference; lastKnownFileType = sourcecode.swift; path = HttpRouter.swift; sourceTree = "<group>"; };
		OBJ_43 /* HttpServer.swift */ = {isa = PBXFileReference; lastKnownFileType = sourcecode.swift; path = HttpServer.swift; sourceTree = "<group>"; };
		OBJ_44 /* HttpServerIO.swift */ = {isa = PBXFileReference; lastKnownFileType = sourcecode.swift; path = HttpServerIO.swift; sourceTree = "<group>"; };
		OBJ_45 /* MimeTypes.swift */ = {isa = PBXFileReference; lastKnownFileType = sourcecode.swift; path = MimeTypes.swift; sourceTree = "<group>"; };
		OBJ_46 /* Process.swift */ = {isa = PBXFileReference; lastKnownFileType = sourcecode.swift; path = Process.swift; sourceTree = "<group>"; };
		OBJ_47 /* Scopes.swift */ = {isa = PBXFileReference; lastKnownFileType = sourcecode.swift; path = Scopes.swift; sourceTree = "<group>"; };
		OBJ_48 /* Socket+File.swift */ = {isa = PBXFileReference; lastKnownFileType = sourcecode.swift; path = "Socket+File.swift"; sourceTree = "<group>"; };
		OBJ_49 /* Socket+Server.swift */ = {isa = PBXFileReference; lastKnownFileType = sourcecode.swift; path = "Socket+Server.swift"; sourceTree = "<group>"; };
		OBJ_50 /* Socket.swift */ = {isa = PBXFileReference; lastKnownFileType = sourcecode.swift; path = Socket.swift; sourceTree = "<group>"; };
		OBJ_51 /* String+BASE64.swift */ = {isa = PBXFileReference; lastKnownFileType = sourcecode.swift; path = "String+BASE64.swift"; sourceTree = "<group>"; };
		OBJ_52 /* String+File.swift */ = {isa = PBXFileReference; lastKnownFileType = sourcecode.swift; path = "String+File.swift"; sourceTree = "<group>"; };
		OBJ_53 /* String+Misc.swift */ = {isa = PBXFileReference; lastKnownFileType = sourcecode.swift; path = "String+Misc.swift"; sourceTree = "<group>"; };
		OBJ_54 /* String+SHA1.swift */ = {isa = PBXFileReference; lastKnownFileType = sourcecode.swift; path = "String+SHA1.swift"; sourceTree = "<group>"; };
		OBJ_55 /* WebSockets.swift */ = {isa = PBXFileReference; lastKnownFileType = sourcecode.swift; path = WebSockets.swift; sourceTree = "<group>"; };
		OBJ_56 /* Package.swift */ = {isa = PBXFileReference; explicitFileType = sourcecode.swift; name = Package.swift; path = /Users/dominicamato/OneDrive/Documents/WiFiMobileConfig.swift/.build/checkouts/swifter/Package.swift; sourceTree = "<group>"; };
		OBJ_6 /* Package.swift */ = {isa = PBXFileReference; explicitFileType = sourcecode.swift; path = Package.swift; sourceTree = "<group>"; };
		OBJ_61 /* LICENSE */ = {isa = PBXFileReference; lastKnownFileType = text; path = LICENSE; sourceTree = "<group>"; };
		OBJ_62 /* README.md */ = {isa = PBXFileReference; lastKnownFileType = net.daringfireball.markdown; path = README.md; sourceTree = "<group>"; };
		OBJ_9 /* Info.plist */ = {isa = PBXFileReference; lastKnownFileType = text.plist.xml; path = Info.plist; sourceTree = "<group>"; };
		"Swifter::Swifter::Product" /* Swifter.framework */ = {isa = PBXFileReference; lastKnownFileType = wrapper.framework; path = Swifter.framework; sourceTree = BUILT_PRODUCTS_DIR; };
		"WiFiMobileConfig::WiFiMobileConfig::Product" /* WiFiMobileConfig.framework */ = {isa = PBXFileReference; lastKnownFileType = wrapper.framework; path = WiFiMobileConfig.framework; sourceTree = BUILT_PRODUCTS_DIR; };
		"WiFiMobileConfig::WiFiMobileConfigTests::Product" /* WiFiMobileConfigTests.xctest */ = {isa = PBXFileReference; lastKnownFileType = file; path = WiFiMobileConfigTests.xctest; sourceTree = BUILT_PRODUCTS_DIR; };
/* End PBXFileReference section */

/* Begin PBXFrameworksBuildPhase section */
		OBJ_115 /* Frameworks */ = {
			isa = PBXFrameworksBuildPhase;
			buildActionMask = 0;
			files = (
				OBJ_116 /* Swifter.framework in Frameworks */,
			);
			runOnlyForDeploymentPostprocessing = 0;
		};
		OBJ_136 /* Frameworks */ = {
			isa = PBXFrameworksBuildPhase;
			buildActionMask = 0;
			files = (
				OBJ_137 /* WiFiMobileConfig.framework in Frameworks */,
				OBJ_138 /* Swifter.framework in Frameworks */,
			);
			runOnlyForDeploymentPostprocessing = 0;
		};
		OBJ_88 /* Frameworks */ = {
			isa = PBXFrameworksBuildPhase;
			buildActionMask = 0;
			files = (
			);
			runOnlyForDeploymentPostprocessing = 0;
		};
/* End PBXFrameworksBuildPhase section */

/* Begin PBXGroup section */
		OBJ_12 /* Installer */ = {
			isa = PBXGroup;
			children = (
				F1753EE12285F0C300F06168 /* SimpleDistributionServerInstaller.swift */,
				F1753EE72285F9BA00F06168 /* DistributionServerInstaller.swift */,
				F1753EE52285F68A00F06168 /* CommandLineInstaller.swift */,
				OBJ_13 /* Installer.swift */,
			);
			path = Installer;
			sourceTree = "<group>";
		};
		OBJ_26 /* Tests */ = {
			isa = PBXGroup;
			children = (
				OBJ_27 /* WiFiMobileConfigTests */,
			);
			name = Tests;
			sourceTree = SOURCE_ROOT;
		};
		OBJ_27 /* WiFiMobileConfigTests */ = {
			isa = PBXGroup;
			children = (
				OBJ_28 /* wpaeapconfig.plist */,
				OBJ_29 /* wpaconfig.plist */,
				OBJ_30 /* MobileConfigTests.swift */,
				OBJ_31 /* PlistDocumentTests.swift */,
			);
			name = WiFiMobileConfigTests;
			path = Tests/WiFiMobileConfigTests;
			sourceTree = SOURCE_ROOT;
		};
		OBJ_32 /* Dependencies */ = {
			isa = PBXGroup;
			children = (
				OBJ_33 /* Swifter 1.4.6 */,
			);
			name = Dependencies;
			sourceTree = "<group>";
		};
		OBJ_33 /* Swifter 1.4.6 */ = {
			isa = PBXGroup;
			children = (
				OBJ_34 /* Example */,
				OBJ_35 /* Swifter */,
				OBJ_56 /* Package.swift */,
			);
			name = "Swifter 1.4.6";
			sourceTree = SOURCE_ROOT;
		};
		OBJ_34 /* Example */ = {
			isa = PBXGroup;
			children = (
			);
			name = Example;
			path = .build/checkouts/swifter/Example;
			sourceTree = SOURCE_ROOT;
		};
		OBJ_35 /* Swifter */ = {
			isa = PBXGroup;
			children = (
				OBJ_36 /* DemoServer.swift */,
				OBJ_37 /* Errno.swift */,
				OBJ_38 /* Files.swift */,
				OBJ_39 /* HttpParser.swift */,
				OBJ_40 /* HttpRequest.swift */,
				OBJ_41 /* HttpResponse.swift */,
				OBJ_42 /* HttpRouter.swift */,
				OBJ_43 /* HttpServer.swift */,
				OBJ_44 /* HttpServerIO.swift */,
				OBJ_45 /* MimeTypes.swift */,
				OBJ_46 /* Process.swift */,
				OBJ_47 /* Scopes.swift */,
				OBJ_48 /* Socket+File.swift */,
				OBJ_49 /* Socket+Server.swift */,
				OBJ_50 /* Socket.swift */,
				OBJ_51 /* String+BASE64.swift */,
				OBJ_52 /* String+File.swift */,
				OBJ_53 /* String+Misc.swift */,
				OBJ_54 /* String+SHA1.swift */,
				OBJ_55 /* WebSockets.swift */,
			);
			name = Swifter;
			path = .build/checkouts/swifter/Sources;
			sourceTree = SOURCE_ROOT;
		};
		OBJ_5 /*  */ = {
			isa = PBXGroup;
			children = (
				OBJ_6 /* Package.swift */,
				OBJ_7 /* Sources */,
				OBJ_26 /* Tests */,
				OBJ_32 /* Dependencies */,
				OBJ_57 /* Products */,
				OBJ_61 /* LICENSE */,
				OBJ_62 /* README.md */,
			);
			name = "";
			sourceTree = "<group>";
		};
		OBJ_57 /* Products */ = {
			isa = PBXGroup;
			children = (
				"Swifter::Swifter::Product" /* Swifter.framework */,
				"WiFiMobileConfig::WiFiMobileConfigTests::Product" /* WiFiMobileConfigTests.xctest */,
				"WiFiMobileConfig::WiFiMobileConfig::Product" /* WiFiMobileConfig.framework */,
			);
			name = Products;
			sourceTree = BUILT_PRODUCTS_DIR;
		};
		OBJ_7 /* Sources */ = {
			isa = PBXGroup;
			children = (
				OBJ_8 /* WiFiMobileConfig */,
			);
			name = Sources;
			sourceTree = SOURCE_ROOT;
		};
		OBJ_8 /* WiFiMobileConfig */ = {
			isa = PBXGroup;
			children = (
				OBJ_9 /* Info.plist */,
				OBJ_10 /* Certificate.swift */,
				OBJ_11 /* EAPClientConfig.swift */,
				OBJ_12 /* Installer */,
				OBJ_14 /* MIMEType.swift */,
				OBJ_15 /* MobileConfig.swift */,
				OBJ_16 /* Password+validate.swift */,
				OBJ_17 /* Password.swift */,
				OBJ_18 /* PlistDocument.swift */,
				OBJ_19 /* PlistSerializable.swift */,
				OBJ_20 /* SSID+validate.swift */,
				OBJ_21 /* SSID.swift */,
				OBJ_22 /* Username+validate.swift */,
				OBJ_23 /* Username.swift */,
				OBJ_24 /* ValidationResult.swift */,
				OBJ_25 /* WiFiConfig.swift */,
			);
			name = WiFiMobileConfig;
			path = Sources/WiFiMobileConfig;
			sourceTree = SOURCE_ROOT;
		};
/* End PBXGroup section */

/* Begin PBXNativeTarget section */
		"Swifter::SwiftPMPackageDescription" /* SwifterPackageDescription */ = {
			isa = PBXNativeTarget;
			buildConfigurationList = OBJ_90 /* Build configuration list for PBXNativeTarget "SwifterPackageDescription" */;
			buildPhases = (
				OBJ_93 /* Sources */,
			);
			buildRules = (
			);
			dependencies = (
			);
			name = SwifterPackageDescription;
			productName = SwifterPackageDescription;
			productType = "com.apple.product-type.framework";
		};
		"Swifter::Swifter" /* Swifter */ = {
			isa = PBXNativeTarget;
			buildConfigurationList = OBJ_64 /* Build configuration list for PBXNativeTarget "Swifter" */;
			buildPhases = (
				OBJ_67 /* Sources */,
				OBJ_88 /* Frameworks */,
			);
			buildRules = (
			);
			dependencies = (
			);
			name = Swifter;
			productName = Swifter;
			productReference = "Swifter::Swifter::Product" /* Swifter.framework */;
			productType = "com.apple.product-type.framework";
		};
		"WiFiMobileConfig::SwiftPMPackageDescription" /* WiFiMobileConfigPackageDescription */ = {
			isa = PBXNativeTarget;
			buildConfigurationList = OBJ_119 /* Build configuration list for PBXNativeTarget "WiFiMobileConfigPackageDescription" */;
			buildPhases = (
				OBJ_122 /* Sources */,
			);
			buildRules = (
			);
			dependencies = (
			);
			name = WiFiMobileConfigPackageDescription;
			productName = WiFiMobileConfigPackageDescription;
			productType = "com.apple.product-type.framework";
		};
		"WiFiMobileConfig::WiFiMobileConfig" /* WiFiMobileConfig */ = {
			isa = PBXNativeTarget;
			buildConfigurationList = OBJ_96 /* Build configuration list for PBXNativeTarget "WiFiMobileConfig" */;
			buildPhases = (
				OBJ_99 /* Sources */,
				OBJ_115 /* Frameworks */,
			);
			buildRules = (
			);
			dependencies = (
				OBJ_117 /* PBXTargetDependency */,
			);
			name = WiFiMobileConfig;
			productName = WiFiMobileConfig;
			productReference = "WiFiMobileConfig::WiFiMobileConfig::Product" /* WiFiMobileConfig.framework */;
			productType = "com.apple.product-type.framework";
		};
		"WiFiMobileConfig::WiFiMobileConfigTests" /* WiFiMobileConfigTests */ = {
			isa = PBXNativeTarget;
			buildConfigurationList = OBJ_130 /* Build configuration list for PBXNativeTarget "WiFiMobileConfigTests" */;
			buildPhases = (
				OBJ_133 /* Sources */,
				OBJ_136 /* Frameworks */,
			);
			buildRules = (
			);
			dependencies = (
				OBJ_139 /* PBXTargetDependency */,
				OBJ_140 /* PBXTargetDependency */,
			);
			name = WiFiMobileConfigTests;
			productName = WiFiMobileConfigTests;
			productReference = "WiFiMobileConfig::WiFiMobileConfigTests::Product" /* WiFiMobileConfigTests.xctest */;
			productType = "com.apple.product-type.bundle.unit-test";
		};
/* End PBXNativeTarget section */

/* Begin PBXProject section */
		OBJ_1 /* Project object */ = {
			isa = PBXProject;
			attributes = {
				LastSwiftMigration = 9999;
				LastUpgradeCheck = 9999;
			};
			buildConfigurationList = OBJ_2 /* Build configuration list for PBXProject "WiFiMobileConfig" */;
			compatibilityVersion = "Xcode 3.2";
			developmentRegion = English;
			hasScannedForEncodings = 0;
			knownRegions = (
				English,
				en,
			);
			mainGroup = OBJ_5 /*  */;
			productRefGroup = OBJ_57 /* Products */;
			projectDirPath = "";
			projectRoot = "";
			targets = (
				"Swifter::Swifter" /* Swifter */,
				"Swifter::SwiftPMPackageDescription" /* SwifterPackageDescription */,
				"WiFiMobileConfig::WiFiMobileConfig" /* WiFiMobileConfig */,
				"WiFiMobileConfig::SwiftPMPackageDescription" /* WiFiMobileConfigPackageDescription */,
				"WiFiMobileConfig::WiFiMobileConfigPackageTests::ProductTarget" /* WiFiMobileConfigPackageTests */,
				"WiFiMobileConfig::WiFiMobileConfigTests" /* WiFiMobileConfigTests */,
			);
		};
/* End PBXProject section */

/* Begin PBXSourcesBuildPhase section */
		OBJ_122 /* Sources */ = {
			isa = PBXSourcesBuildPhase;
			buildActionMask = 0;
			files = (
				OBJ_123 /* Package.swift in Sources */,
			);
			runOnlyForDeploymentPostprocessing = 0;
		};
		OBJ_133 /* Sources */ = {
			isa = PBXSourcesBuildPhase;
			buildActionMask = 0;
			files = (
				OBJ_134 /* MobileConfigTests.swift in Sources */,
				OBJ_135 /* PlistDocumentTests.swift in Sources */,
			);
			runOnlyForDeploymentPostprocessing = 0;
		};
		OBJ_67 /* Sources */ = {
			isa = PBXSourcesBuildPhase;
			buildActionMask = 0;
			files = (
				OBJ_68 /* DemoServer.swift in Sources */,
				OBJ_69 /* Errno.swift in Sources */,
				OBJ_70 /* Files.swift in Sources */,
				OBJ_71 /* HttpParser.swift in Sources */,
				OBJ_72 /* HttpRequest.swift in Sources */,
				OBJ_73 /* HttpResponse.swift in Sources */,
				OBJ_74 /* HttpRouter.swift in Sources */,
				OBJ_75 /* HttpServer.swift in Sources */,
				OBJ_76 /* HttpServerIO.swift in Sources */,
				OBJ_77 /* MimeTypes.swift in Sources */,
				OBJ_78 /* Process.swift in Sources */,
				OBJ_79 /* Scopes.swift in Sources */,
				OBJ_80 /* Socket+File.swift in Sources */,
				OBJ_81 /* Socket+Server.swift in Sources */,
				OBJ_82 /* Socket.swift in Sources */,
				OBJ_83 /* String+BASE64.swift in Sources */,
				OBJ_84 /* String+File.swift in Sources */,
				OBJ_85 /* String+Misc.swift in Sources */,
				OBJ_86 /* String+SHA1.swift in Sources */,
				OBJ_87 /* WebSockets.swift in Sources */,
			);
			runOnlyForDeploymentPostprocessing = 0;
		};
		OBJ_93 /* Sources */ = {
			isa = PBXSourcesBuildPhase;
			buildActionMask = 0;
			files = (
				OBJ_94 /* Package.swift in Sources */,
			);
			runOnlyForDeploymentPostprocessing = 0;
		};
		OBJ_99 /* Sources */ = {
			isa = PBXSourcesBuildPhase;
			buildActionMask = 0;
			files = (
				OBJ_100 /* Certificate.swift in Sources */,
				OBJ_101 /* EAPClientConfig.swift in Sources */,
				OBJ_102 /* Installer.swift in Sources */,
				OBJ_103 /* MIMEType.swift in Sources */,
				OBJ_104 /* MobileConfig.swift in Sources */,
				OBJ_105 /* Password+validate.swift in Sources */,
				OBJ_106 /* Password.swift in Sources */,
				OBJ_107 /* PlistDocument.swift in Sources */,
				OBJ_108 /* PlistSerializable.swift in Sources */,
				OBJ_109 /* SSID+validate.swift in Sources */,
				F1753EE42285F2DF00F06168 /* SimpleDistributionServerInstaller.swift in Sources */,
				OBJ_110 /* SSID.swift in Sources */,
				OBJ_111 /* Username+validate.swift in Sources */,
				OBJ_112 /* Username.swift in Sources */,
				OBJ_113 /* ValidationResult.swift in Sources */,
				OBJ_114 /* WiFiConfig.swift in Sources */,
				F1753EE62285F68A00F06168 /* CommandLineInstaller.swift in Sources */,
				F1753EE82285F9BA00F06168 /* DistributionServerInstaller.swift in Sources */,
			);
			runOnlyForDeploymentPostprocessing = 0;
		};
/* End PBXSourcesBuildPhase section */

/* Begin PBXTargetDependency section */
		OBJ_117 /* PBXTargetDependency */ = {
			isa = PBXTargetDependency;
			target = "Swifter::Swifter" /* Swifter */;
			targetProxy = F1753EDE2285F0BB00F06168 /* PBXContainerItemProxy */;
		};
		OBJ_128 /* PBXTargetDependency */ = {
			isa = PBXTargetDependency;
			target = "WiFiMobileConfig::WiFiMobileConfigTests" /* WiFiMobileConfigTests */;
			targetProxy = F1753EE32285F0C300F06168 /* PBXContainerItemProxy */;
		};
		OBJ_139 /* PBXTargetDependency */ = {
			isa = PBXTargetDependency;
			target = "WiFiMobileConfig::WiFiMobileConfig" /* WiFiMobileConfig */;
			targetProxy = F1753EDF2285F0BB00F06168 /* PBXContainerItemProxy */;
		};
		OBJ_140 /* PBXTargetDependency */ = {
			isa = PBXTargetDependency;
			target = "Swifter::Swifter" /* Swifter */;
			targetProxy = F1753EE02285F0BB00F06168 /* PBXContainerItemProxy */;
		};
/* End PBXTargetDependency section */

/* Begin XCBuildConfiguration section */
		OBJ_120 /* Debug */ = {
			isa = XCBuildConfiguration;
			buildSettings = {
				LD = /usr/bin/true;
				OTHER_SWIFT_FLAGS = "-swift-version 5 -I $(TOOLCHAIN_DIR)/usr/lib/swift/pm/4_2 -target x86_64-apple-macosx10.10 -sdk /Applications/Xcode.app/Contents/Developer/Platforms/MacOSX.platform/Developer/SDKs/MacOSX10.14.sdk";
				SWIFT_VERSION = 5.0;
			};
			name = Debug;
		};
		OBJ_121 /* Release */ = {
			isa = XCBuildConfiguration;
			buildSettings = {
				LD = /usr/bin/true;
				OTHER_SWIFT_FLAGS = "-swift-version 5 -I $(TOOLCHAIN_DIR)/usr/lib/swift/pm/4_2 -target x86_64-apple-macosx10.10 -sdk /Applications/Xcode.app/Contents/Developer/Platforms/MacOSX.platform/Developer/SDKs/MacOSX10.14.sdk";
				SWIFT_VERSION = 5.0;
			};
			name = Release;
		};
		OBJ_126 /* Debug */ = {
			isa = XCBuildConfiguration;
			buildSettings = {
			};
			name = Debug;
		};
		OBJ_127 /* Release */ = {
			isa = XCBuildConfiguration;
			buildSettings = {
			};
			name = Release;
		};
		OBJ_131 /* Debug */ = {
			isa = XCBuildConfiguration;
			buildSettings = {
				CLANG_ENABLE_MODULES = YES;
				EMBEDDED_CONTENT_CONTAINS_SWIFT = YES;
				FRAMEWORK_SEARCH_PATHS = (
					"$(inherited)",
					"$(PLATFORM_DIR)/Developer/Library/Frameworks",
				);
				HEADER_SEARCH_PATHS = "$(inherited)";
				INFOPLIST_FILE = WiFiMobileConfig.xcodeproj/WiFiMobileConfigTests_Info.plist;
				IPHONEOS_DEPLOYMENT_TARGET = 8.0;
				LD_RUNPATH_SEARCH_PATHS = "$(inherited) @loader_path/../Frameworks @loader_path/Frameworks";
				MACOSX_DEPLOYMENT_TARGET = 10.10;
				OTHER_CFLAGS = "$(inherited)";
				OTHER_LDFLAGS = "$(inherited)";
				OTHER_SWIFT_FLAGS = "$(inherited)";
				SWIFT_ACTIVE_COMPILATION_CONDITIONS = "$(inherited)";
				SWIFT_VERSION = 5.0;
				TARGET_NAME = WiFiMobileConfigTests;
				TVOS_DEPLOYMENT_TARGET = 9.0;
				WATCHOS_DEPLOYMENT_TARGET = 2.0;
			};
			name = Debug;
		};
		OBJ_132 /* Release */ = {
			isa = XCBuildConfiguration;
			buildSettings = {
				CLANG_ENABLE_MODULES = YES;
				EMBEDDED_CONTENT_CONTAINS_SWIFT = YES;
				FRAMEWORK_SEARCH_PATHS = (
					"$(inherited)",
					"$(PLATFORM_DIR)/Developer/Library/Frameworks",
				);
				HEADER_SEARCH_PATHS = "$(inherited)";
				INFOPLIST_FILE = WiFiMobileConfig.xcodeproj/WiFiMobileConfigTests_Info.plist;
				IPHONEOS_DEPLOYMENT_TARGET = 8.0;
				LD_RUNPATH_SEARCH_PATHS = "$(inherited) @loader_path/../Frameworks @loader_path/Frameworks";
				MACOSX_DEPLOYMENT_TARGET = 10.10;
				OTHER_CFLAGS = "$(inherited)";
				OTHER_LDFLAGS = "$(inherited)";
				OTHER_SWIFT_FLAGS = "$(inherited)";
				SWIFT_ACTIVE_COMPILATION_CONDITIONS = "$(inherited)";
				SWIFT_VERSION = 5.0;
				TARGET_NAME = WiFiMobileConfigTests;
				TVOS_DEPLOYMENT_TARGET = 9.0;
				WATCHOS_DEPLOYMENT_TARGET = 2.0;
			};
			name = Release;
		};
		OBJ_3 /* Debug */ = {
			isa = XCBuildConfiguration;
			buildSettings = {
				CLANG_ENABLE_OBJC_ARC = YES;
				COMBINE_HIDPI_IMAGES = YES;
				COPY_PHASE_STRIP = NO;
				DEBUG_INFORMATION_FORMAT = dwarf;
				DYLIB_INSTALL_NAME_BASE = "@rpath";
				ENABLE_NS_ASSERTIONS = YES;
				GCC_OPTIMIZATION_LEVEL = 0;
				GCC_PREPROCESSOR_DEFINITIONS = (
					"$(inherited)",
					"SWIFT_PACKAGE=1",
					"DEBUG=1",
				);
				MACOSX_DEPLOYMENT_TARGET = 10.10;
				ONLY_ACTIVE_ARCH = YES;
				OTHER_SWIFT_FLAGS = "-DXcode";
				PRODUCT_NAME = "$(TARGET_NAME)";
				SDKROOT = macosx;
				SUPPORTED_PLATFORMS = "macosx iphoneos iphonesimulator appletvos appletvsimulator watchos watchsimulator";
				SWIFT_ACTIVE_COMPILATION_CONDITIONS = "$(inherited) SWIFT_PACKAGE DEBUG";
				SWIFT_OPTIMIZATION_LEVEL = "-Onone";
				USE_HEADERMAP = NO;
			};
			name = Debug;
		};
		OBJ_4 /* Release */ = {
			isa = XCBuildConfiguration;
			buildSettings = {
				CLANG_ENABLE_OBJC_ARC = YES;
				COMBINE_HIDPI_IMAGES = YES;
				COPY_PHASE_STRIP = YES;
				DEBUG_INFORMATION_FORMAT = "dwarf-with-dsym";
				DYLIB_INSTALL_NAME_BASE = "@rpath";
				GCC_OPTIMIZATION_LEVEL = s;
				GCC_PREPROCESSOR_DEFINITIONS = (
					"$(inherited)",
					"SWIFT_PACKAGE=1",
				);
				MACOSX_DEPLOYMENT_TARGET = 10.10;
				OTHER_SWIFT_FLAGS = "-DXcode";
				PRODUCT_NAME = "$(TARGET_NAME)";
				SDKROOT = macosx;
				SUPPORTED_PLATFORMS = "macosx iphoneos iphonesimulator appletvos appletvsimulator watchos watchsimulator";
				SWIFT_ACTIVE_COMPILATION_CONDITIONS = "$(inherited) SWIFT_PACKAGE";
				SWIFT_OPTIMIZATION_LEVEL = "-Owholemodule";
				USE_HEADERMAP = NO;
			};
			name = Release;
		};
		OBJ_65 /* Debug */ = {
			isa = XCBuildConfiguration;
			buildSettings = {
				ENABLE_TESTABILITY = YES;
				FRAMEWORK_SEARCH_PATHS = (
					"$(inherited)",
					"$(PLATFORM_DIR)/Developer/Library/Frameworks",
				);
				HEADER_SEARCH_PATHS = "$(inherited)";
				INFOPLIST_FILE = WiFiMobileConfig.xcodeproj/Swifter_Info.plist;
				LD_RUNPATH_SEARCH_PATHS = "$(inherited) $(TOOLCHAIN_DIR)/usr/lib/swift/macosx";
				OTHER_CFLAGS = "$(inherited)";
				OTHER_LDFLAGS = "$(inherited)";
				OTHER_SWIFT_FLAGS = "$(inherited)";
				PRODUCT_BUNDLE_IDENTIFIER = Swifter;
				PRODUCT_MODULE_NAME = "$(TARGET_NAME:c99extidentifier)";
				PRODUCT_NAME = "$(TARGET_NAME:c99extidentifier)";
				SKIP_INSTALL = YES;
				SWIFT_ACTIVE_COMPILATION_CONDITIONS = "$(inherited)";
				SWIFT_VERSION = 4.0;
				TARGET_NAME = Swifter;
			};
			name = Debug;
		};
		OBJ_66 /* Release */ = {
			isa = XCBuildConfiguration;
			buildSettings = {
				ENABLE_TESTABILITY = YES;
				FRAMEWORK_SEARCH_PATHS = (
					"$(inherited)",
					"$(PLATFORM_DIR)/Developer/Library/Frameworks",
				);
				HEADER_SEARCH_PATHS = "$(inherited)";
				INFOPLIST_FILE = WiFiMobileConfig.xcodeproj/Swifter_Info.plist;
				LD_RUNPATH_SEARCH_PATHS = "$(inherited) $(TOOLCHAIN_DIR)/usr/lib/swift/macosx";
				OTHER_CFLAGS = "$(inherited)";
				OTHER_LDFLAGS = "$(inherited)";
				OTHER_SWIFT_FLAGS = "$(inherited)";
				PRODUCT_BUNDLE_IDENTIFIER = Swifter;
				PRODUCT_MODULE_NAME = "$(TARGET_NAME:c99extidentifier)";
				PRODUCT_NAME = "$(TARGET_NAME:c99extidentifier)";
				SKIP_INSTALL = YES;
				SWIFT_ACTIVE_COMPILATION_CONDITIONS = "$(inherited)";
				SWIFT_VERSION = 4.0;
				TARGET_NAME = Swifter;
			};
			name = Release;
		};
		OBJ_91 /* Debug */ = {
			isa = XCBuildConfiguration;
			buildSettings = {
				LD = /usr/bin/true;
				OTHER_SWIFT_FLAGS = "-swift-version 4 -I $(TOOLCHAIN_DIR)/usr/lib/swift/pm/4 -target x86_64-apple-macosx10.10 -sdk /Applications/Xcode.app/Contents/Developer/Platforms/MacOSX.platform/Developer/SDKs/MacOSX10.14.sdk";
				SWIFT_VERSION = 4.0;
			};
			name = Debug;
		};
		OBJ_92 /* Release */ = {
			isa = XCBuildConfiguration;
			buildSettings = {
				LD = /usr/bin/true;
				OTHER_SWIFT_FLAGS = "-swift-version 4 -I $(TOOLCHAIN_DIR)/usr/lib/swift/pm/4 -target x86_64-apple-macosx10.10 -sdk /Applications/Xcode.app/Contents/Developer/Platforms/MacOSX.platform/Developer/SDKs/MacOSX10.14.sdk";
				SWIFT_VERSION = 4.0;
			};
			name = Release;
		};
		OBJ_97 /* Debug */ = {
			isa = XCBuildConfiguration;
			buildSettings = {
				ENABLE_TESTABILITY = YES;
				FRAMEWORK_SEARCH_PATHS = (
					"$(inherited)",
					"$(PLATFORM_DIR)/Developer/Library/Frameworks",
				);
				HEADER_SEARCH_PATHS = "$(inherited)";
				INFOPLIST_FILE = WiFiMobileConfig.xcodeproj/WiFiMobileConfig_Info.plist;
				IPHONEOS_DEPLOYMENT_TARGET = 8.0;
				LD_RUNPATH_SEARCH_PATHS = "$(inherited) $(TOOLCHAIN_DIR)/usr/lib/swift/macosx";
				MACOSX_DEPLOYMENT_TARGET = 10.10;
				OTHER_CFLAGS = "$(inherited)";
				OTHER_LDFLAGS = "$(inherited)";
				OTHER_SWIFT_FLAGS = "$(inherited)";
				PRODUCT_BUNDLE_IDENTIFIER = WiFiMobileConfig;
				PRODUCT_MODULE_NAME = "$(TARGET_NAME:c99extidentifier)";
				PRODUCT_NAME = "$(TARGET_NAME:c99extidentifier)";
				SKIP_INSTALL = YES;
				SWIFT_ACTIVE_COMPILATION_CONDITIONS = "$(inherited)";
				SWIFT_VERSION = 5.0;
				TARGET_NAME = WiFiMobileConfig;
				TVOS_DEPLOYMENT_TARGET = 9.0;
				WATCHOS_DEPLOYMENT_TARGET = 2.0;
			};
			name = Debug;
		};
		OBJ_98 /* Release */ = {
			isa = XCBuildConfiguration;
			buildSettings = {
				ENABLE_TESTABILITY = YES;
				FRAMEWORK_SEARCH_PATHS = (
					"$(inherited)",
					"$(PLATFORM_DIR)/Developer/Library/Frameworks",
				);
				HEADER_SEARCH_PATHS = "$(inherited)";
				INFOPLIST_FILE = WiFiMobileConfig.xcodeproj/WiFiMobileConfig_Info.plist;
				IPHONEOS_DEPLOYMENT_TARGET = 8.0;
				LD_RUNPATH_SEARCH_PATHS = "$(inherited) $(TOOLCHAIN_DIR)/usr/lib/swift/macosx";
				MACOSX_DEPLOYMENT_TARGET = 10.10;
				OTHER_CFLAGS = "$(inherited)";
				OTHER_LDFLAGS = "$(inherited)";
				OTHER_SWIFT_FLAGS = "$(inherited)";
				PRODUCT_BUNDLE_IDENTIFIER = WiFiMobileConfig;
				PRODUCT_MODULE_NAME = "$(TARGET_NAME:c99extidentifier)";
				PRODUCT_NAME = "$(TARGET_NAME:c99extidentifier)";
				SKIP_INSTALL = YES;
				SWIFT_ACTIVE_COMPILATION_CONDITIONS = "$(inherited)";
				SWIFT_VERSION = 5.0;
				TARGET_NAME = WiFiMobileConfig;
				TVOS_DEPLOYMENT_TARGET = 9.0;
				WATCHOS_DEPLOYMENT_TARGET = 2.0;
			};
			name = Release;
		};
/* End XCBuildConfiguration section */

/* Begin XCConfigurationList section */
		OBJ_119 /* Build configuration list for PBXNativeTarget "WiFiMobileConfigPackageDescription" */ = {
			isa = XCConfigurationList;
			buildConfigurations = (
				OBJ_120 /* Debug */,
				OBJ_121 /* Release */,
			);
			defaultConfigurationIsVisible = 0;
			defaultConfigurationName = Release;
		};
		OBJ_125 /* Build configuration list for PBXAggregateTarget "WiFiMobileConfigPackageTests" */ = {
			isa = XCConfigurationList;
			buildConfigurations = (
				OBJ_126 /* Debug */,
				OBJ_127 /* Release */,
			);
			defaultConfigurationIsVisible = 0;
			defaultConfigurationName = Release;
		};
		OBJ_130 /* Build configuration list for PBXNativeTarget "WiFiMobileConfigTests" */ = {
			isa = XCConfigurationList;
			buildConfigurations = (
				OBJ_131 /* Debug */,
				OBJ_132 /* Release */,
			);
			defaultConfigurationIsVisible = 0;
			defaultConfigurationName = Release;
		};
		OBJ_2 /* Build configuration list for PBXProject "WiFiMobileConfig" */ = {
			isa = XCConfigurationList;
			buildConfigurations = (
				OBJ_3 /* Debug */,
				OBJ_4 /* Release */,
			);
			defaultConfigurationIsVisible = 0;
			defaultConfigurationName = Release;
		};
		OBJ_64 /* Build configuration list for PBXNativeTarget "Swifter" */ = {
			isa = XCConfigurationList;
			buildConfigurations = (
				OBJ_65 /* Debug */,
				OBJ_66 /* Release */,
			);
			defaultConfigurationIsVisible = 0;
			defaultConfigurationName = Release;
		};
		OBJ_90 /* Build configuration list for PBXNativeTarget "SwifterPackageDescription" */ = {
			isa = XCConfigurationList;
			buildConfigurations = (
				OBJ_91 /* Debug */,
				OBJ_92 /* Release */,
			);
			defaultConfigurationIsVisible = 0;
			defaultConfigurationName = Release;
		};
		OBJ_96 /* Build configuration list for PBXNativeTarget "WiFiMobileConfig" */ = {
			isa = XCConfigurationList;
			buildConfigurations = (
				OBJ_97 /* Debug */,
				OBJ_98 /* Release */,
			);
			defaultConfigurationIsVisible = 0;
			defaultConfigurationName = Release;
		};
/* End XCConfigurationList section */
	};
	rootObject = OBJ_1 /* Project object */;
}
